{
  "nodes": {
    "alejandra": {
      "inputs": {
        "fenix": "fenix",
        "flakeCompat": "flakeCompat",
        "nixpkgs": [
          "nixpkgs"
        ]
      },
      "locked": {
        "lastModified": 1684209597,
        "narHash": "sha256-6gabWzKnpKNxTwJ/+cASswCCAU+t1rNlpY2DWMgn5r0=",
        "owner": "kamadorueda",
        "repo": "alejandra",
        "rev": "9512caae61b6fbda5298a33813976db4f1c0f17d",
        "type": "github"
      },
      "original": {
        "owner": "kamadorueda",
        "repo": "alejandra",
        "type": "github"
      }
    },
    "fenix": {
      "inputs": {
        "nixpkgs": [
          "alejandra",
          "nixpkgs"
        ],
        "rust-analyzer-src": "rust-analyzer-src"
      },
      "locked": {
        "lastModified": 1668234453,
        "narHash": "sha256-FmuZThToBvRsqCauYJ3l8HJoGLAY5cMULeYEKIaGrRw=",
        "owner": "nix-community",
        "repo": "fenix",
        "rev": "8f219f6b36e8d0d56afa7f67e6e3df63ef013cdb",
        "type": "github"
      },
      "original": {
        "owner": "nix-community",
        "repo": "fenix",
        "type": "github"
      }
    },
    "fishFzf": {
      "flake": false,
      "locked": {
        "lastModified": 1684865037,
        "narHash": "sha256-xWaMd5POCDeeFTsGtHbIvsPelIp+GZPC1X1CseCo3BA=",
        "owner": "PatrickF1",
        "repo": "fzf.fish",
        "rev": "c5e170730b4f8395e116d7c06883ed53da2d5561",
        "type": "github"
      },
      "original": {
        "owner": "PatrickF1",
        "repo": "fzf.fish",
        "type": "github"
      }
    },
    "flakeCompat": {
      "flake": false,
      "locked": {
        "lastModified": 1650374568,
        "narHash": "sha256-Z+s0J8/r907g149rllvwhb4pKi8Wam5ij0st8PwAh+E=",
        "owner": "edolstra",
        "repo": "flake-compat",
        "rev": "b4a34015c698c7793d592d66adbab377907a2be8",
        "type": "github"
      },
      "original": {
        "owner": "edolstra",
        "repo": "flake-compat",
        "type": "github"
      }
    },
    "home-manager": {
      "inputs": {
        "nixpkgs": [
          "nixpkgs"
        ]
      },
      "locked": {
        "lastModified": 1686265146,
        "narHash": "sha256-w5RtAG37rqcfqVWEQrJGUvZnUjt/BKdGvf+3XAw09ps=",
        "owner": "nix-community",
        "repo": "home-manager",
        "rev": "69bdd6de50df2082901d94dbf70ecb762d8b636c",
        "type": "github"
      },
      "original": {
        "owner": "nix-community",
        "repo": "home-manager",
        "type": "github"
      }
    },
    "home-manager_2": {
      "inputs": {
        "nixpkgs": [
          "sysbase",
          "nixpkgs"
        ]
      },
      "locked": {
        "lastModified": 1686265146,
        "narHash": "sha256-w5RtAG37rqcfqVWEQrJGUvZnUjt/BKdGvf+3XAw09ps=",
        "owner": "nix-community",
        "repo": "home-manager",
        "rev": "69bdd6de50df2082901d94dbf70ecb762d8b636c",
        "type": "github"
      },
      "original": {
        "owner": "nix-community",
        "repo": "home-manager",
        "type": "github"
      }
    },
    "homebase": {
      "inputs": {
        "alejandra": [
          "alejandra"
        ],
        "fishFzf": "fishFzf",
        "home-manager": [
          "home-manager"
        ],
        "homelib": [
          "homelib"
        ],
        "nixpkgs": [
          "nixpkgs"
        ]
      },
      "locked": {
        "lastModified": 1686267473,
        "narHash": "sha256-G6PheviMSwqBkSzJBb0sfm+UQsOLEKykRWAze6k6oPI=",
        "owner": "signalwalker",
        "repo": "nix.home.base",
        "rev": "253107080b24965a6fb9964c86769582cf3de1aa",
        "type": "github"
      },
      "original": {
        "owner": "signalwalker",
        "repo": "nix.home.base",
        "type": "github"
      }
    },
    "homelib": {
      "inputs": {
        "alejandra": [
          "alejandra"
        ],
        "home-manager": [
          "home-manager"
        ],
        "nixpkgs": [
          "nixpkgs"
        ]
      },
      "locked": {
        "lastModified": 1686267378,
        "narHash": "sha256-OrOk982igV/mtZy2mnGruYCzQihOiWvOWyRqvqBOh80=",
        "owner": "signalwalker",
        "repo": "nix.home.lib",
        "rev": "77f58fea6da9478b5debad8235ee065f7fb63293",
        "type": "github"
      },
      "original": {
        "owner": "signalwalker",
        "repo": "nix.home.lib",
        "type": "github"
      }
    },
    "nixlib": {
      "locked": {
        "lastModified": 1685840432,
        "narHash": "sha256-VJIbiKsY7Xy4E4WcgwUt/UiwYDmN5BAk8tngAjcWsqY=",
        "owner": "nix-community",
        "repo": "nixpkgs.lib",
        "rev": "961e99baaaa57f5f7042fe7ce089a88786c839f4",
        "type": "github"
      },
      "original": {
        "owner": "nix-community",
        "repo": "nixpkgs.lib",
        "type": "github"
      }
    },
    "nixos-generators": {
      "inputs": {
        "nixlib": "nixlib",
        "nixpkgs": [
          "sysbase",
          "nixpkgs"
        ]
      },
      "locked": {
        "lastModified": 1685943944,
        "narHash": "sha256-GpaQwOkvwkmSWxvWaZqbMKyyOSaBAwgdEcHCqLW/240=",
        "owner": "nix-community",
        "repo": "nixos-generators",
        "rev": "122dcc32cadf14c5015aa021fae8882c5058263a",
        "type": "github"
      },
      "original": {
        "owner": "nix-community",
        "repo": "nixos-generators",
        "type": "github"
      }
    },
    "nixpkgs": {
      "locked": {
        "lastModified": 1686089707,
        "narHash": "sha256-LTNlJcru2qJ0XhlhG9Acp5KyjB774Pza3tRH0pKIb3o=",
        "owner": "NixOS",
        "repo": "nixpkgs",
        "rev": "af21c31b2a1ec5d361ed8050edd0303c31306397",
        "type": "github"
      },
      "original": {
        "owner": "NixOS",
        "ref": "nixpkgs-unstable",
        "repo": "nixpkgs",
        "type": "github"
      }
    },
    "root": {
      "inputs": {
        "alejandra": "alejandra",
        "home-manager": "home-manager",
        "homebase": "homebase",
        "homelib": "homelib",
        "nixpkgs": "nixpkgs",
        "sysbase": "sysbase"
      }
    },
    "rust-analyzer-src": {
      "flake": false,
      "locked": {
        "lastModified": 1668182250,
        "narHash": "sha256-PYGaOCiFvnJdVz+ZCaKF8geGdffXjJUNcMwaBHv0FT4=",
        "owner": "rust-lang",
        "repo": "rust-analyzer",
        "rev": "45ec315e01dc8dd1146dfeb65f0ef6e5c2efed78",
        "type": "github"
      },
      "original": {
        "owner": "rust-lang",
        "ref": "nightly",
        "repo": "rust-analyzer",
        "type": "github"
      }
    },
    "sysbase": {
      "inputs": {
        "alejandra": [
          "alejandra"
        ],
        "home-manager": "home-manager_2",
        "homebase": [
          "homebase"
        ],
        "homelib": [
          "homelib"
        ],
        "nixos-generators": "nixos-generators",
        "nixpkgs": [
          "nixpkgs"
        ]
      },
      "locked": {
        "lastModified": 1686267520,
        "narHash": "sha256-hhrN7eihqIg2LASQ/2ZEy5G6bH3N4l102jLxn54+uj0=",
        "owner": "signalwalker",
        "repo": "nix.sys.base",
        "rev": "3ebc09d9dc0ba32a4cb89a6d8a564de20d1029ab",
        "type": "github"
      },
      "original": {
        "owner": "signalwalker",
        "repo": "nix.sys.base",
        "type": "github"
      }
    }
  },
  "root": "root",
  "version": 7
}
